{
  "originHash" : "a1e904f4e7949b780d1391eca2b67551a4ba8b76e1ec61efb9d06d0a63696d21",
  "pins" : [
    {
      "identity" : "asyncserversentevents",
      "kind" : "remoteSourceControl",
      "location" : "https://github.com/velos/AsyncServerSentEvents.git",
      "state" : {
        "branch" : "main",
        "revision" : "5ea675bfad3b8445e8b9543aa51e30f5bfdc19e7"
      }
    },
    {
      "identity" : "callablefunction",
      "kind" : "remoteSourceControl",
      "location" : "https://github.com/velos/CallableFunction.git",
      "state" : {
        "branch" : "feature/function-updates",
        "revision" : "338a24c3c90631c8dc4c19e5c44d1cecc0b09b05"
      }
    },
    {
      "identity" : "endpoints",
      "kind" : "remoteSourceControl",
      "location" : "https://github.com/velos/Endpoints.git",
      "state" : {
        "branch" : "authentication",
        "revision" : "70e7a02f4895e0eacbb6cc031a3c53a929e896a8"
      }
    },
    {
      "identity" : "swift-argument-parser",
      "kind" : "remoteSourceControl",
      "location" : "https://github.com/apple/swift-argument-parser.git",
      "state" : {
        "revision" : "c5d11a805e765f52ba34ec7284bd4fcd6ba68615",
        "version" : "1.7.0"
      }
    },
    {
      "identity" : "swift-syntax",
      "kind" : "remoteSourceControl",
      "location" : "https://github.com/apple/swift-syntax.git",
      "state" : {
        "revision" : "64889f0c732f210a935a0ad7cda38f77f876262d",
        "version" : "509.1.1"
      }
    }
  ],
  "version" : 3
}
